{
  "requires": true,
  "lockfileVersion": 1,
  "dependencies": {
    "dotenv": {
      "version": "8.2.0",
      "resolved": "https://registry.npmjs.org/dotenv/-/dotenv-8.2.0.tgz",
      "integrity": "sha512-8sJ78ElpbDJBHNeBzUbUVLsqKdccaa/BXF1uPTw3GrvQTBgrQrtObr2mUrE38vzYd8cEv+m/JBfDLioYcfXoaw=="
    },
    "openzeppelin-solidity": {
      "version": "3.0.1",
      "resolved": "https://registry.npmjs.org/openzeppelin-solidity/-/openzeppelin-solidity-3.0.1.tgz",
      "integrity": "sha512-tDeF+fpu+EmVzFb7IR7XW4bU73V7z3j86GBaPc9ub7nbNqWu32bGnGxgitwFbmybsB7QIPhXTZ+UUlEOQouTOQ=="
    }
  }
}
